
Microsoft Visual Studio Solution File, Format Version 12.00
# Visual Studio Version 16
VisualStudioVersion = 16.0.30320.27
MinimumVisualStudioVersion = 10.0.40219.1
Project("{8BC9CEB8-8B4A-11D0-8D11-00A0C91BC942}") = "Learn_05引用", "Learn_05引用.vcxproj", "{39A97977-F921-4477-A3A7-F585A26E00CE}"
EndProject
Global
	GlobalSection(SolutionConfigurationPlatforms) = preSolution
		Debug|x64 = Debug|x64
		Debug|x86 = Debug|x86
		Release|x64 = Release|x64
		Release|x86 = Release|x86
	EndGlobalSection
	GlobalSection(ProjectConfigurationPlatforms) = postSolution
		{39A97977-F921-4477-A3A7-F585A26E00CE}.Debug|x64.ActiveCfg = Debug|x64
		{39A97977-F921-4477-A3A7-F585A26E00CE}.Debug|x64.Build.0 = Debug|x64
		{39A97977-F921-4477-A3A7-F585A26E00CE}.Debug|x86.ActiveCfg = Debug|Win32
		{39A97977-F921-4477-A3A7-F585A26E00CE}.Debug|x86.Build.0 = Debug|Win32
		{39A97977-F921-4477-A3A7-F585A26E00CE}.Release|x64.ActiveCfg = Release|x64
		{39A97977-F921-4477-A3A7-F585A26E00CE}.Release|x64.Build.0 = Release|x64
		{39A97977-F921-4477-A3A7-F585A26E00CE}.Release|x86.ActiveCfg = Release|Win32
		{39A97977-F921-4477-A3A7-F585A26E00CE}.Release|x86.Build.0 = Release|Win32
	EndGlobalSection
	GlobalSection(SolutionProperties) = preSolution
		HideSolutionNode = FALSE
	EndGlobalSection
	GlobalSection(ExtensibilityGlobals) = postSolution
		SolutionGuid = {6E20D86D-F26B-435B-83E8-55668F3CEB96}
	EndGlobalSection
EndGlobal
