
Microsoft Visual Studio Solution File, Format Version 12.00
# Visual Studio Version 16
VisualStudioVersion = 16.0.30309.148
MinimumVisualStudioVersion = 10.0.40219.1
Project("{8BC9CEB8-8B4A-11D0-8D11-00A0C91BC942}") = "Learn_02二维数组", "Learn_02二维数组.vcxproj", "{DFDBDF62-6D13-4833-939D-3839BD890979}"
EndProject
Global
	GlobalSection(SolutionConfigurationPlatforms) = preSolution
		Debug|x64 = Debug|x64
		Debug|x86 = Debug|x86
		Release|x64 = Release|x64
		Release|x86 = Release|x86
	EndGlobalSection
	GlobalSection(ProjectConfigurationPlatforms) = postSolution
		{DFDBDF62-6D13-4833-939D-3839BD890979}.Debug|x64.ActiveCfg = Debug|x64
		{DFDBDF62-6D13-4833-939D-3839BD890979}.Debug|x64.Build.0 = Debug|x64
		{DFDBDF62-6D13-4833-939D-3839BD890979}.Debug|x86.ActiveCfg = Debug|Win32
		{DFDBDF62-6D13-4833-939D-3839BD890979}.Debug|x86.Build.0 = Debug|Win32
		{DFDBDF62-6D13-4833-939D-3839BD890979}.Release|x64.ActiveCfg = Release|x64
		{DFDBDF62-6D13-4833-939D-3839BD890979}.Release|x64.Build.0 = Release|x64
		{DFDBDF62-6D13-4833-939D-3839BD890979}.Release|x86.ActiveCfg = Release|Win32
		{DFDBDF62-6D13-4833-939D-3839BD890979}.Release|x86.Build.0 = Release|Win32
	EndGlobalSection
	GlobalSection(SolutionProperties) = preSolution
		HideSolutionNode = FALSE
	EndGlobalSection
	GlobalSection(ExtensibilityGlobals) = postSolution
		SolutionGuid = {F153825C-D146-48F0-95DA-6550A142A85F}
	EndGlobalSection
EndGlobal
