
Microsoft Visual Studio Solution File, Format Version 12.00
# Visual Studio Version 16
VisualStudioVersion = 16.0.30309.148
MinimumVisualStudioVersion = 10.0.40219.1
Project("{8BC9CEB8-8B4A-11D0-8D11-00A0C91BC942}") = "Learn_03函数", "Learn_03函数.vcxproj", "{8D99DA0D-D808-4665-B009-81A060E79E7C}"
EndProject
Global
	GlobalSection(SolutionConfigurationPlatforms) = preSolution
		Debug|x64 = Debug|x64
		Debug|x86 = Debug|x86
		Release|x64 = Release|x64
		Release|x86 = Release|x86
	EndGlobalSection
	GlobalSection(ProjectConfigurationPlatforms) = postSolution
		{8D99DA0D-D808-4665-B009-81A060E79E7C}.Debug|x64.ActiveCfg = Debug|x64
		{8D99DA0D-D808-4665-B009-81A060E79E7C}.Debug|x64.Build.0 = Debug|x64
		{8D99DA0D-D808-4665-B009-81A060E79E7C}.Debug|x86.ActiveCfg = Debug|Win32
		{8D99DA0D-D808-4665-B009-81A060E79E7C}.Debug|x86.Build.0 = Debug|Win32
		{8D99DA0D-D808-4665-B009-81A060E79E7C}.Release|x64.ActiveCfg = Release|x64
		{8D99DA0D-D808-4665-B009-81A060E79E7C}.Release|x64.Build.0 = Release|x64
		{8D99DA0D-D808-4665-B009-81A060E79E7C}.Release|x86.ActiveCfg = Release|Win32
		{8D99DA0D-D808-4665-B009-81A060E79E7C}.Release|x86.Build.0 = Release|Win32
	EndGlobalSection
	GlobalSection(SolutionProperties) = preSolution
		HideSolutionNode = FALSE
	EndGlobalSection
	GlobalSection(ExtensibilityGlobals) = postSolution
		SolutionGuid = {F13B8274-1297-4038-B58E-D9244830E26F}
	EndGlobalSection
EndGlobal
